
Microsoft Visual Studio Solution File, Format Version 12.00
# Visual Studio Version 16
VisualStudioVersion = 16.0.28917.181
MinimumVisualStudioVersion = 10.0.40219.1
Project("{FAE04EC0-301F-11D3-BF4B-00C04F79EFBC}") = "学生考勤", "学生考勤.csproj", "{9EEAC7D4-2C23-40AE-BF5D-84E436F68841}"
EndProject
Global
	GlobalSection(SolutionConfigurationPlatforms) = preSolution
		Debug|Any CPU = Debug|Any CPU
		Release|Any CPU = Release|Any CPU
	EndGlobalSection
	GlobalSection(ProjectConfigurationPlatforms) = postSolution
		{9EEAC7D4-2C23-40AE-BF5D-84E436F68841}.Debug|Any CPU.ActiveCfg = Debug|Any CPU
		{9EEAC7D4-2C23-40AE-BF5D-84E436F68841}.Debug|Any CPU.Build.0 = Debug|Any CPU
		{9EEAC7D4-2C23-40AE-BF5D-84E436F68841}.Release|Any CPU.ActiveCfg = Release|Any CPU
		{9EEAC7D4-2C23-40AE-BF5D-84E436F68841}.Release|Any CPU.Build.0 = Release|Any CPU
	EndGlobalSection
	GlobalSection(SolutionProperties) = preSolution
		HideSolutionNode = FALSE
	EndGlobalSection
	GlobalSection(ExtensibilityGlobals) = postSolution
		SolutionGuid = {3ADFF44D-BA31-41B8-BBC1-255726328487}
	EndGlobalSection
EndGlobal
